
Microsoft Visual Studio Solution File, Format Version 12.00
# Visual Studio Version 16
VisualStudioVersion = 16.0.31005.135
MinimumVisualStudioVersion = 10.0.40219.1
Project("{FAE04EC0-301F-11D3-BF4B-00C04F79EFBC}") = "Math Quiz", "Math Quiz\Math Quiz.csproj", "{BE3F79FE-9EE9-4C8A-8BBD-6AE4E427E3BC}"
EndProject
Global
	GlobalSection(SolutionConfigurationPlatforms) = preSolution
		Debug|Any CPU = Debug|Any CPU
		Release|Any CPU = Release|Any CPU
	EndGlobalSection
	GlobalSection(ProjectConfigurationPlatforms) = postSolution
		{BE3F79FE-9EE9-4C8A-8BBD-6AE4E427E3BC}.Debug|Any CPU.ActiveCfg = Debug|Any CPU
		{BE3F79FE-9EE9-4C8A-8BBD-6AE4E427E3BC}.Debug|Any CPU.Build.0 = Debug|Any CPU
		{BE3F79FE-9EE9-4C8A-8BBD-6AE4E427E3BC}.Release|Any CPU.ActiveCfg = Release|Any CPU
		{BE3F79FE-9EE9-4C8A-8BBD-6AE4E427E3BC}.Release|Any CPU.Build.0 = Release|Any CPU
	EndGlobalSection
	GlobalSection(SolutionProperties) = preSolution
		HideSolutionNode = FALSE
	EndGlobalSection
	GlobalSection(ExtensibilityGlobals) = postSolution
		SolutionGuid = {AE3D0116-416A-4014-BDF9-98E9CAC1FFDF}
	EndGlobalSection
EndGlobal
